Microsoft Visual Studio Solution File, Format Version 12.00
# Visual Studio Version 17
VisualStudioVersion = 17.5.2.0
MinimumVisualStudioVersion = 10.0.40219.1
Project("{2150E333-8FDC-42A3-9474-1A3956D46DE8}") = "frontendWeb", "frontendWeb", "{FCB5602C-DCAB-1A09-FB0A-36EBFE7ADDFC}"
EndProject
Project("{FAE04EC0-301F-11D3-BF4B-00C04F79EFBC}") = "KinetoCheckWeb", "frontendWeb\KinetoCheckWeb\KinetoCheckWeb.csproj", "{7DAC5B28-B0A8-E415-AEBE-E0B8E63A8566}"
EndProject
Global
	GlobalSection(SolutionConfigurationPlatforms) = preSolution
		Debug|Any CPU = Debug|Any CPU
		Release|Any CPU = Release|Any CPU
	EndGlobalSection
	GlobalSection(ProjectConfigurationPlatforms) = postSolution
		{7DAC5B28-B0A8-E415-AEBE-E0B8E63A8566}.Debug|Any CPU.ActiveCfg = Debug|Any CPU
		{7DAC5B28-B0A8-E415-AEBE-E0B8E63A8566}.Debug|Any CPU.Build.0 = Debug|Any CPU
		{7DAC5B28-B0A8-E415-AEBE-E0B8E63A8566}.Release|Any CPU.ActiveCfg = Release|Any CPU
		{7DAC5B28-B0A8-E415-AEBE-E0B8E63A8566}.Release|Any CPU.Build.0 = Release|Any CPU
	EndGlobalSection
	GlobalSection(SolutionProperties) = preSolution
		HideSolutionNode = FALSE
	EndGlobalSection
	GlobalSection(NestedProjects) = preSolution
		{7DAC5B28-B0A8-E415-AEBE-E0B8E63A8566} = {FCB5602C-DCAB-1A09-FB0A-36EBFE7ADDFC}
	EndGlobalSection
	GlobalSection(ExtensibilityGlobals) = postSolution
		SolutionGuid = {5E246E79-6759-477F-8810-628BB7E4B03F}
	EndGlobalSection
EndGlobal
